
Microsoft Visual Studio Solution File, Format Version 12.00
# Visual Studio Version 17
VisualStudioVersion = 17.7.34018.315
MinimumVisualStudioVersion = 10.0.40219.1
Project("{FAE04EC0-301F-11D3-BF4B-00C04F79EFBC}") = "UrlShortener", "UrlShortener\UrlShortener.csproj", "{C11BA415-DFCD-47CF-9998-117BF865E088}"
EndProject
Project("{FAE04EC0-301F-11D3-BF4B-00C04F79EFBC}") = "UrlShortener.Models", "UrlShortener.Models\UrlShortener.Models.csproj", "{AB7C1BBA-174A-4B7C-AC22-BD786CEE5352}"
EndProject
Global
	GlobalSection(SolutionConfigurationPlatforms) = preSolution
		Debug|Any CPU = Debug|Any CPU
		Release|Any CPU = Release|Any CPU
	EndGlobalSection
	GlobalSection(ProjectConfigurationPlatforms) = postSolution
		{C11BA415-DFCD-47CF-9998-117BF865E088}.Debug|Any CPU.ActiveCfg = Debug|Any CPU
		{C11BA415-DFCD-47CF-9998-117BF865E088}.Debug|Any CPU.Build.0 = Debug|Any CPU
		{C11BA415-DFCD-47CF-9998-117BF865E088}.Release|Any CPU.ActiveCfg = Release|Any CPU
		{C11BA415-DFCD-47CF-9998-117BF865E088}.Release|Any CPU.Build.0 = Release|Any CPU
		{AB7C1BBA-174A-4B7C-AC22-BD786CEE5352}.Debug|Any CPU.ActiveCfg = Debug|Any CPU
		{AB7C1BBA-174A-4B7C-AC22-BD786CEE5352}.Debug|Any CPU.Build.0 = Debug|Any CPU
		{AB7C1BBA-174A-4B7C-AC22-BD786CEE5352}.Release|Any CPU.ActiveCfg = Release|Any CPU
		{AB7C1BBA-174A-4B7C-AC22-BD786CEE5352}.Release|Any CPU.Build.0 = Release|Any CPU
	EndGlobalSection
	GlobalSection(SolutionProperties) = preSolution
		HideSolutionNode = FALSE
	EndGlobalSection
	GlobalSection(ExtensibilityGlobals) = postSolution
		SolutionGuid = {22282D87-5E07-435F-AAF3-243AFD222EE9}
	EndGlobalSection
EndGlobal
